
Microsoft Visual Studio Solution File, Format Version 12.00
# Visual Studio 15
Project("{FAE04EC0-301F-11D3-BF4B-00C04F79EFBC}") = "2-5D-TwinStick.Plugins", "2-5D-TwinStick.Plugins.csproj", "{9062B71F-DE5C-F69D-F925-11E6E2CAA510}"
EndProject
Project("{FAE04EC0-301F-11D3-BF4B-00C04F79EFBC}") = "2-5D-TwinStick", "2-5D-TwinStick.csproj", "{975392B8-B84A-9980-95A6-3FE095CC8588}"
EndProject
Project("{FAE04EC0-301F-11D3-BF4B-00C04F79EFBC}") = "2-5D-TwinStick.Editor.Plugins", "2-5D-TwinStick.Editor.Plugins.csproj", "{B78AED39-CFF7-ECE2-9066-42126DD84C3D}"
EndProject
Global
	GlobalSection(SolutionConfigurationPlatforms) = preSolution
		Debug|Any CPU = Debug|Any CPU
		Release|Any CPU = Release|Any CPU
	EndGlobalSection
	GlobalSection(ProjectConfigurationPlatforms) = postSolution
		{9062B71F-DE5C-F69D-F925-11E6E2CAA510}.Debug|Any CPU.ActiveCfg = Debug|Any CPU
		{9062B71F-DE5C-F69D-F925-11E6E2CAA510}.Debug|Any CPU.Build.0 = Debug|Any CPU
		{9062B71F-DE5C-F69D-F925-11E6E2CAA510}.Release|Any CPU.ActiveCfg = Release|Any CPU
		{9062B71F-DE5C-F69D-F925-11E6E2CAA510}.Release|Any CPU.Build.0 = Release|Any CPU
		{975392B8-B84A-9980-95A6-3FE095CC8588}.Debug|Any CPU.ActiveCfg = Debug|Any CPU
		{975392B8-B84A-9980-95A6-3FE095CC8588}.Debug|Any CPU.Build.0 = Debug|Any CPU
		{975392B8-B84A-9980-95A6-3FE095CC8588}.Release|Any CPU.ActiveCfg = Release|Any CPU
		{975392B8-B84A-9980-95A6-3FE095CC8588}.Release|Any CPU.Build.0 = Release|Any CPU
		{B78AED39-CFF7-ECE2-9066-42126DD84C3D}.Debug|Any CPU.ActiveCfg = Debug|Any CPU
		{B78AED39-CFF7-ECE2-9066-42126DD84C3D}.Debug|Any CPU.Build.0 = Debug|Any CPU
		{B78AED39-CFF7-ECE2-9066-42126DD84C3D}.Release|Any CPU.ActiveCfg = Release|Any CPU
		{B78AED39-CFF7-ECE2-9066-42126DD84C3D}.Release|Any CPU.Build.0 = Release|Any CPU
	EndGlobalSection
	GlobalSection(SolutionProperties) = preSolution
		HideSolutionNode = FALSE
	EndGlobalSection
EndGlobal
